
Microsoft Visual Studio Solution File, Format Version 12.00
# Visual Studio 14
VisualStudioVersion = 14.0.25420.1
MinimumVisualStudioVersion = 10.0.40219.1
Project("{FAE04EC0-301F-11D3-BF4B-00C04F79EFBC}") = "CommandScanner", "CommandScanner\CommandScanner.csproj", "{A35624C4-5366-4F22-A9E2-A1365EE5ACEA}"
EndProject
Global
	GlobalSection(SolutionConfigurationPlatforms) = preSolution
		Debug|Any CPU = Debug|Any CPU
		Release|Any CPU = Release|Any CPU
	EndGlobalSection
	GlobalSection(ProjectConfigurationPlatforms) = postSolution
		{A35624C4-5366-4F22-A9E2-A1365EE5ACEA}.Debug|Any CPU.ActiveCfg = Debug|Any CPU
		{A35624C4-5366-4F22-A9E2-A1365EE5ACEA}.Debug|Any CPU.Build.0 = Debug|Any CPU
		{A35624C4-5366-4F22-A9E2-A1365EE5ACEA}.Release|Any CPU.ActiveCfg = Release|Any CPU
		{A35624C4-5366-4F22-A9E2-A1365EE5ACEA}.Release|Any CPU.Build.0 = Release|Any CPU
	EndGlobalSection
	GlobalSection(SolutionProperties) = preSolution
		HideSolutionNode = FALSE
	EndGlobalSection
EndGlobal
